
Microsoft Visual Studio Solution File, Format Version 12.00
# Visual Studio 2012
Project("{FAE04EC0-301F-11D3-BF4B-00C04F79EFBC}") = "tx_protect_fields", "tx_protect_fields.csproj", "{7B337912-B800-42A6-AC90-00F984824DA9}"
EndProject
Global
	GlobalSection(SolutionConfigurationPlatforms) = preSolution
		Debug|Any CPU = Debug|Any CPU
		Release|Any CPU = Release|Any CPU
	EndGlobalSection
	GlobalSection(ProjectConfigurationPlatforms) = postSolution
		{7B337912-B800-42A6-AC90-00F984824DA9}.Debug|Any CPU.ActiveCfg = Debug|Any CPU
		{7B337912-B800-42A6-AC90-00F984824DA9}.Debug|Any CPU.Build.0 = Debug|Any CPU
		{7B337912-B800-42A6-AC90-00F984824DA9}.Release|Any CPU.ActiveCfg = Release|Any CPU
		{7B337912-B800-42A6-AC90-00F984824DA9}.Release|Any CPU.Build.0 = Release|Any CPU
	EndGlobalSection
	GlobalSection(SolutionProperties) = preSolution
		HideSolutionNode = FALSE
	EndGlobalSection
EndGlobal
